
Microsoft Visual Studio Solution File, Format Version 12.00
# Visual Studio Version 17
VisualStudioVersion = 17.8.34330.188
MinimumVisualStudioVersion = 10.0.40219.1
Project("{FAE04EC0-301F-11D3-BF4B-00C04F79EFBC}") = "BusTerminalManagment-OOP", "BusTerminalManagment-OOP.csproj", "{D602FEFF-88B5-43BA-96D3-8A777E3DE508}"
EndProject
Global
	GlobalSection(SolutionConfigurationPlatforms) = preSolution
		Debug|Any CPU = Debug|Any CPU
		Release|Any CPU = Release|Any CPU
	EndGlobalSection
	GlobalSection(ProjectConfigurationPlatforms) = postSolution
		{D602FEFF-88B5-43BA-96D3-8A777E3DE508}.Debug|Any CPU.ActiveCfg = Debug|Any CPU
		{D602FEFF-88B5-43BA-96D3-8A777E3DE508}.Debug|Any CPU.Build.0 = Debug|Any CPU
		{D602FEFF-88B5-43BA-96D3-8A777E3DE508}.Release|Any CPU.ActiveCfg = Release|Any CPU
		{D602FEFF-88B5-43BA-96D3-8A777E3DE508}.Release|Any CPU.Build.0 = Release|Any CPU
	EndGlobalSection
	GlobalSection(SolutionProperties) = preSolution
		HideSolutionNode = FALSE
	EndGlobalSection
	GlobalSection(ExtensibilityGlobals) = postSolution
		SolutionGuid = {ED104999-0FE6-4674-9EBE-563C72146216}
	EndGlobalSection
EndGlobal
